
Microsoft Visual Studio Solution File, Format Version 12.00
# Visual Studio Version 17
VisualStudioVersion = 17.4.33122.133
MinimumVisualStudioVersion = 10.0.40219.1
Project("{F184B08F-C81C-45F6-A57F-5ABD9991F28F}") = "jFMapp", "jFMapp\jFMapp.vbproj", "{79AEB751-A6DB-43C6-A4D3-17CFB986DBF3}"
EndProject
Global
	GlobalSection(SolutionConfigurationPlatforms) = preSolution
		Debug|Any CPU = Debug|Any CPU
		Release|Any CPU = Release|Any CPU
	EndGlobalSection
	GlobalSection(ProjectConfigurationPlatforms) = postSolution
		{79AEB751-A6DB-43C6-A4D3-17CFB986DBF3}.Debug|Any CPU.ActiveCfg = Debug|Any CPU
		{79AEB751-A6DB-43C6-A4D3-17CFB986DBF3}.Debug|Any CPU.Build.0 = Debug|Any CPU
		{79AEB751-A6DB-43C6-A4D3-17CFB986DBF3}.Release|Any CPU.ActiveCfg = Release|Any CPU
		{79AEB751-A6DB-43C6-A4D3-17CFB986DBF3}.Release|Any CPU.Build.0 = Release|Any CPU
	EndGlobalSection
	GlobalSection(SolutionProperties) = preSolution
		HideSolutionNode = FALSE
	EndGlobalSection
	GlobalSection(ExtensibilityGlobals) = postSolution
		SolutionGuid = {4FAB02AF-28A6-4081-9D40-2EE6886DAF93}
	EndGlobalSection
EndGlobal
